hash: 458fd87e09d0d806ffcc9f26245c3634d7464008c4526f1b80da818fc1bad896
updated: 2019-04-02T11:41:08.608753+08:00
imports:
- name: github.com/aymerick/raymond
  version: b565731e1464263de0bda75f2e45d97b54b60110
  subpackages:
  - ast
  - lexer
  - parser
- name: github.com/bsm/sarama-cluster
  version: c618e605e15c0d7535f6c96ff8efbb0dba4fd66c
- name: github.com/BurntSushi/toml
  version: a368813c5e648fee92e5f6c30e3944ff9d5e8895
- name: github.com/cespare/xxhash
  version: 3b82fb7d186719faeedd0c2864f868c74fbf79a1
- name: github.com/davecgh/go-spew
  version: 8991bc29aa16c548c550c7ff78260e27b9ab7c73
  subpackages:
  - spew
- name: github.com/dgrijalva/jwt-go
  version: 06ea1031745cb8b3dab3f6a236daf2b0aa468b7e
- name: github.com/eapache/go-resiliency
  version: ea41b0fad31007accc7f806884dcdf3da98b79ce
  subpackages:
  - breaker
- name: github.com/eapache/go-xerial-snappy
  version: bb955e01b9346ac19dc29eb16586c90ded99a98c
- name: github.com/eapache/queue
  version: 093482f3f8ce946c05bcba64badd2c82369e084d
- name: github.com/eknkc/amber
  version: cdade1c073850f4ffc70a829e31235ea6892853b
  subpackages:
  - parser
- name: github.com/fatih/structs
  version: ebf56d35bba727c68ac77f56f2fcf90b181851aa
- name: github.com/flosch/pongo2
  version: 67f4ff8560dfa2b00920118f228c0a2f68760631
- name: github.com/fsnotify/fsnotify
  version: c2828203cd70a50dcccfb2761f8b1f8ceef9a8e9
- name: github.com/glycerine/go-unsnap-stream
  version: 9f0cb55181dd3a0a4c168d3dbc72d4aca4853126
- name: github.com/golang/snappy
  version: 2e65f85255dbc3072edf28d6b5b8efc472979f5a
- name: github.com/hashicorp/hcl
  version: ef8a98b0bbce4a65b5aa4c368430a80ddc533168
  subpackages:
  - hcl/ast
  - hcl/parser
  - hcl/printer
  - hcl/scanner
  - hcl/strconv
  - hcl/token
  - json/parser
  - json/scanner
  - json/token
- name: github.com/iris-contrib/blackfriday
  version: 48b3da6a6f3865c7eb1eba96d74cf0a16f63faca
- name: github.com/iris-contrib/formBinder
  version: ad9fb86c356f971f30319c40ddbdcf72129a2791
- name: github.com/iris-contrib/go.uuid
  version: 36e9d2ebbde5e3f13ab2e25625fd453271d6522e
- name: github.com/Joker/jade
  version: 8828253bfc54f2f91aaef5f32b44a244b0a98e4f
- name: github.com/json-iterator/go
  version: 0ff49de124c6f76f8494e194af75bde0f1a49a29
- name: github.com/juju/errors
  version: c7d06af17c68cd34c835053720b21f6549d9b0ee
- name: github.com/kataras/golog
  version: 03be101463868edc5a81f094fc68a5f6c1b5503a
- name: github.com/kataras/iris
  version: a0f29bd2f48611021667c199cff55c1e3ab46f81
  subpackages:
  - cache
  - cache/cfg
  - cache/client
  - cache/client/rule
  - cache/entry
  - cache/ruleset
  - cache/uri
  - context
  - core/errors
  - core/handlerconv
  - core/host
  - core/memstore
  - core/netutil
  - core/router
  - macro
  - macro/handler
  - macro/interpreter/ast
  - macro/interpreter/lexer
  - macro/interpreter/parser
  - macro/interpreter/token
  - middleware/logger
  - middleware/pprof
  - middleware/recover
  - view
- name: github.com/kataras/pio
  version: a9733b5b6b83d32b479aacd51d26ef6018261963
  subpackages:
  - terminal
- name: github.com/klauspost/compress
  version: 5fb1f31b0a61e9858f12f39266e059848a5f1cea
  subpackages:
  - flate
  - gzip
- name: github.com/klauspost/cpuid
  version: e7e905edc00ea8827e58662220139109efea09db
- name: github.com/Laisky/go-chaining
  version: 43dcdc5a21be9b79f2b7ee0d8ba67ed8a7158cda
- name: github.com/Laisky/go-syslog
  version: a934d2042802cab2b2a612e2d4f63caff437d10f
  subpackages:
  - format
  - internal/syslogparser
  - internal/syslogparser/rfc3164
  - internal/syslogparser/rfc5424
- name: github.com/Laisky/go-utils
  version: 9b55cbe75f337fadf84f7c44e0fc5ab34677dc49
  vcs: git
  subpackages:
  - journal
  - kafka
- name: github.com/Laisky/zap
  version: 5c0138de209f397ae93319e22ec1923008cc5767
  subpackages:
  - buffer
  - internal/bufferpool
  - internal/color
  - internal/exit
  - zapcore
- name: github.com/magiconair/properties
  version: c2353362d570a7bfa228149c62842019201cfb71
- name: github.com/microcosm-cc/bluemonday
  version: 995366fdf961d03629cd17361bddd32745718e2c
- name: github.com/mitchellh/mapstructure
  version: bb74f1db0675b241733089d5a1faa5dd8b0ef57b
- name: github.com/modern-go/concurrent
  version: bacd9c7ef1dd9b15be4a9909b8ac7a4e313eec94
- name: github.com/modern-go/reflect2
  version: 58118c1ea9161250907268a484af4dd6ed314280
- name: github.com/mschoch/smat
  version: 90eadee771aeab36e8bf796039b8c261bebebe4f
- name: github.com/pelletier/go-toml
  version: c01d1270ff3e442a8a57cddc1c92dc1138598194
- name: github.com/philhofer/fwd
  version: bb6d471dc95d4fe11e432687f8b70ff496cf3136
- name: github.com/pierrec/lz4
  version: 6b9367c9ff401dbc54fabce3fb8d972e799b702d
  subpackages:
  - internal/xxh32
- name: github.com/pkg/errors
  version: ba968bfe8b2f7e042a574c888954fccecfa385b4
- name: github.com/rcrowley/go-metrics
  version: e2704e165165ec55d062f5919b4b29494e9fa790
- name: github.com/RoaringBitmap/roaring
  version: 8d778e47dd84f169ef4436abb474b0e0101a6dae
- name: github.com/ryanuber/columnize
  version: abc90934186a77966e2beeac62ed966aac0561d5
- name: github.com/Shopify/goreferrer
  version: ec9c9a553398739f0dcf817e0ad5e01c4e7dcd08
- name: github.com/Shopify/sarama
  version: ec843464b50d4c8b56403ec9d589cf41ea30e722
- name: github.com/shurcooL/sanitized_anchor_name
  version: 86672fcb3f950f35f2e675df2240550f2a50762f
- name: github.com/spf13/afero
  version: 787d034dfe70e44075ccc060d346146ef53270ad
  subpackages:
  - mem
- name: github.com/spf13/cast
  version: 8965335b8c7107321228e3e3702cab9832751bac
- name: github.com/spf13/jwalterweatherman
  version: 7c0cea34c8ece3fbeb2b27ab9b59511d360fb394
- name: github.com/spf13/pflag
  version: 298182f68c66c05229eb03ac171abe6e309ee79a
- name: github.com/spf13/viper
  version: f69c91abd383f6e61b17df94c1020943eefe0349
- name: github.com/tinylib/msgp
  version: af6442a0fcf6e2a1b824f70dd0c734f01e817751
  subpackages:
  - msgp
- name: github.com/ugorji/go
  version: 00b869d2f4a5e27445c2d916fa106fc72c106d4c
  subpackages:
  - codec
- name: github.com/willf/bitset
  version: e553b05586428962bf7058d1044519d87ca72d74
- name: go.uber.org/atomic
  version: 1ea20fb1cbb1cc08cbd0d913a96dead89aa18289
- name: go.uber.org/multierr
  version: 3c4937480c32f4c13a875a1829af76c98ca3d40a
- name: golang.org/x/crypto
  version: 8ac0e0d97ce45cd83d1d7243c060cb8461dda5e9
  subpackages:
  - acme
  - acme/autocert
- name: golang.org/x/net
  version: db08ff08e8622530d9ed3a0e8ac279f6d4c02196
  subpackages:
  - html
  - html/atom
  - publicsuffix
- name: golang.org/x/sys
  version: bff228c7b664c5fce602223a05fb708fd8654986
  subpackages:
  - unix
- name: golang.org/x/text
  version: 5c1cf69b5978e5a34c5f9ba09a83e56acc4b7877
  subpackages:
  - transform
  - unicode/norm
- name: gopkg.in/alexcesaro/quotedprintable.v3
  version: 2caba252f4dc53eaf6b553000885530023f54623
- name: gopkg.in/gomail.v2
  version: 81ebce5c23dfd25c6c67194b37d3dd3f338c98b1
- name: gopkg.in/yaml.v2
  version: 5420a8b6744d3b0345ab293f6fcba19c978f1183
testImports: []
